// !$*UTF8*$!
{
	archiveVersion = 1;
	classes = {
	};
	objectVersion = 50;
	objects = {

/* Begin PBXBuildFile section */
		2156A6314496E1CFBCE63DBE /* Pods_BioBeatsApp.framework in Frameworks */ = {isa = PBXBuildFile; fileRef = 557829F3EC9EF50F6AAFB3C2 /* Pods_BioBeatsApp.framework */; };
		4E27040B2282E6600001AEB7 /* AppDelegate.swift in Sources */ = {isa = PBXBuildFile; fileRef = 4E27040A2282E6600001AEB7 /* AppDelegate.swift */; };
		4E2704102282E6600001AEB7 /* Main.storyboard in Resources */ = {isa = PBXBuildFile; fileRef = 4E27040E2282E6600001AEB7 /* Main.storyboard */; };
		4E2704122282E6630001AEB7 /* Assets.xcassets in Resources */ = {isa = PBXBuildFile; fileRef = 4E2704112282E6630001AEB7 /* Assets.xcassets */; };
		4E2704152282E6630001AEB7 /* LaunchScreen.storyboard in Resources */ = {isa = PBXBuildFile; fileRef = 4E2704132282E6630001AEB7 /* LaunchScreen.storyboard */; };
		4E2704442282FA180001AEB7 /* MovieListViewController.swift in Sources */ = {isa = PBXBuildFile; fileRef = 4E2704432282FA180001AEB7 /* MovieListViewController.swift */; };
		4E27044A2282FDE70001AEB7 /* APIManager.swift in Sources */ = {isa = PBXBuildFile; fileRef = 4E2704492282FDE70001AEB7 /* APIManager.swift */; };
		4E27044C2282FE670001AEB7 /* MovieListModel.swift in Sources */ = {isa = PBXBuildFile; fileRef = 4E27044B2282FE670001AEB7 /* MovieListModel.swift */; };
		4E84F90C2288C9CF0069A33E /* MovieDetailViewController+Delegate.swift in Sources */ = {isa = PBXBuildFile; fileRef = 4E84F90B2288C9CF0069A33E /* MovieDetailViewController+Delegate.swift */; };
		4E84F90F2288D2D30069A33E /* Accessibility.swift in Sources */ = {isa = PBXBuildFile; fileRef = 4E84F90E2288D2D30069A33E /* Accessibility.swift */; };
		4E84F9122288DA400069A33E /* MoviesListUITest.swift in Sources */ = {isa = PBXBuildFile; fileRef = 4E84F9112288DA400069A33E /* MoviesListUITest.swift */; };
		4E84F9152288DAD40069A33E /* BaseUITestCase.swift in Sources */ = {isa = PBXBuildFile; fileRef = 4E84F9142288DAD40069A33E /* BaseUITestCase.swift */; };
		4E84F9162288DD040069A33E /* Accessibility.swift in Sources */ = {isa = PBXBuildFile; fileRef = 4E84F90E2288D2D30069A33E /* Accessibility.swift */; };
		4E87E419228305DA0080D172 /* Endpoint.swift in Sources */ = {isa = PBXBuildFile; fileRef = 4E87E418228305DA0080D172 /* Endpoint.swift */; };
		4E87E41D228389420080D172 /* MovieListCell.swift in Sources */ = {isa = PBXBuildFile; fileRef = 4E87E41C228389420080D172 /* MovieListCell.swift */; };
		4E87E4222283916A0080D172 /* UIImageView+AsyncLoading.swift in Sources */ = {isa = PBXBuildFile; fileRef = 4E87E4212283916A0080D172 /* UIImageView+AsyncLoading.swift */; };
		4E87E429228410FA0080D172 /* MovieDetailModel.swift in Sources */ = {isa = PBXBuildFile; fileRef = 4E87E428228410FA0080D172 /* MovieDetailModel.swift */; };
		4E87E42B228413900080D172 /* MovieDetailsCell.swift in Sources */ = {isa = PBXBuildFile; fileRef = 4E87E42A228413900080D172 /* MovieDetailsCell.swift */; };
		4E87E42D228413B90080D172 /* MovieDetailViewController.swift in Sources */ = {isa = PBXBuildFile; fileRef = 4E87E42C228413B90080D172 /* MovieDetailViewController.swift */; };
		4E87E4312284CE120080D172 /* UIViewController+Alert.swift in Sources */ = {isa = PBXBuildFile; fileRef = 4E87E4302284CE120080D172 /* UIViewController+Alert.swift */; };
		4EB7E744228BF84B00ACA180 /* MovieDetailUITests.swift in Sources */ = {isa = PBXBuildFile; fileRef = 4EB7E743228BF84B00ACA180 /* MovieDetailUITests.swift */; };
		4ED295C8228BFCDA0058FB21 /* BioBeatsAppTests.swift in Sources */ = {isa = PBXBuildFile; fileRef = 4ED295C7228BFCDA0058FB21 /* BioBeatsAppTests.swift */; };
		5A9D79EAE7250C78207A0F28 /* Pods_BioBeatsAppUITests.framework in Frameworks */ = {isa = PBXBuildFile; fileRef = EF25D8B1ACBD28084507A289 /* Pods_BioBeatsAppUITests.framework */; };
		7442613614E9F476DD089FAD /* Pods_BioBeatsAppTests.framework in Frameworks */ = {isa = PBXBuildFile; fileRef = 34D79A96AB369299FBBF0898 /* Pods_BioBeatsAppTests.framework */; };
/* End PBXBuildFile section */

/* Begin PBXContainerItemProxy section */
		4E0F2644228EE212005B9A82 /* PBXContainerItemProxy */ = {
			isa = PBXContainerItemProxy;
			containerPortal = 4E2703FF2282E6600001AEB7 /* Project object */;
			proxyType = 1;
			remoteGlobalIDString = 4E2704062282E6600001AEB7;
			remoteInfo = BioBeatsApp;
		};
		4E27041C2282E6630001AEB7 /* PBXContainerItemProxy */ = {
			isa = PBXContainerItemProxy;
			containerPortal = 4E2703FF2282E6600001AEB7 /* Project object */;
			proxyType = 1;
			remoteGlobalIDString = 4E2704062282E6600001AEB7;
			remoteInfo = BioBeatsApp;
		};
/* End PBXContainerItemProxy section */

/* Begin PBXFileReference section */
		13EBF7570F63017E11102D17 /* Pods-BioBeatsApp.debug.xcconfig */ = {isa = PBXFileReference; includeInIndex = 1; lastKnownFileType = text.xcconfig; name = "Pods-BioBeatsApp.debug.xcconfig"; path = "Target Support Files/Pods-BioBeatsApp/Pods-BioBeatsApp.debug.xcconfig"; sourceTree = "<group>"; };
		34D79A96AB369299FBBF0898 /* Pods_BioBeatsAppTests.framework */ = {isa = PBXFileReference; explicitFileType = wrapper.framework; includeInIndex = 0; path = Pods_BioBeatsAppTests.framework; sourceTree = BUILT_PRODUCTS_DIR; };
		496CAE48F02D8EC27734A72E /* Pods-BioBeatsAppTests.release.xcconfig */ = {isa = PBXFileReference; includeInIndex = 1; lastKnownFileType = text.xcconfig; name = "Pods-BioBeatsAppTests.release.xcconfig"; path = "Target Support Files/Pods-BioBeatsAppTests/Pods-BioBeatsAppTests.release.xcconfig"; sourceTree = "<group>"; };
		4E2704072282E6600001AEB7 /* BioBeatsApp.app */ = {isa = PBXFileReference; explicitFileType = wrapper.application; includeInIndex = 0; path = BioBeatsApp.app; sourceTree = BUILT_PRODUCTS_DIR; };
		4E27040A2282E6600001AEB7 /* AppDelegate.swift */ = {isa = PBXFileReference; lastKnownFileType = sourcecode.swift; path = AppDelegate.swift; sourceTree = "<group>"; };
		4E27040F2282E6600001AEB7 /* Base */ = {isa = PBXFileReference; lastKnownFileType = file.storyboard; name = Base; path = Base.lproj/Main.storyboard; sourceTree = "<group>"; };
		4E2704112282E6630001AEB7 /* Assets.xcassets */ = {isa = PBXFileReference; lastKnownFileType = folder.assetcatalog; path = Assets.xcassets; sourceTree = "<group>"; };
		4E2704142282E6630001AEB7 /* Base */ = {isa = PBXFileReference; lastKnownFileType = file.storyboard; name = Base; path = Base.lproj/LaunchScreen.storyboard; sourceTree = "<group>"; };
		4E2704162282E6630001AEB7 /* Info.plist */ = {isa = PBXFileReference; lastKnownFileType = text.plist.xml; path = Info.plist; sourceTree = "<group>"; };
		4E27041B2282E6630001AEB7 /* BioBeatsAppTests.xctest */ = {isa = PBXFileReference; explicitFileType = wrapper.cfbundle; includeInIndex = 0; path = BioBeatsAppTests.xctest; sourceTree = BUILT_PRODUCTS_DIR; };
		4E2704212282E6630001AEB7 /* Info.plist */ = {isa = PBXFileReference; lastKnownFileType = text.plist.xml; path = Info.plist; sourceTree = "<group>"; };
		4E2704262282E6630001AEB7 /* BioBeatsAppUITests.xctest */ = {isa = PBXFileReference; explicitFileType = wrapper.cfbundle; includeInIndex = 0; path = BioBeatsAppUITests.xctest; sourceTree = BUILT_PRODUCTS_DIR; };
		4E27042C2282E6630001AEB7 /* Info.plist */ = {isa = PBXFileReference; lastKnownFileType = text.plist.xml; path = Info.plist; sourceTree = "<group>"; };
		4E2704432282FA180001AEB7 /* MovieListViewController.swift */ = {isa = PBXFileReference; lastKnownFileType = sourcecode.swift; path = MovieListViewController.swift; sourceTree = "<group>"; };
		4E2704492282FDE70001AEB7 /* APIManager.swift */ = {isa = PBXFileReference; lastKnownFileType = sourcecode.swift; path = APIManager.swift; sourceTree = "<group>"; };
		4E27044B2282FE670001AEB7 /* MovieListModel.swift */ = {isa = PBXFileReference; lastKnownFileType = sourcecode.swift; path = MovieListModel.swift; sourceTree = "<group>"; };
		4E84F90B2288C9CF0069A33E /* MovieDetailViewController+Delegate.swift */ = {isa = PBXFileReference; lastKnownFileType = sourcecode.swift; path = "MovieDetailViewController+Delegate.swift"; sourceTree = "<group>"; };
		4E84F90E2288D2D30069A33E /* Accessibility.swift */ = {isa = PBXFileReference; lastKnownFileType = sourcecode.swift; path = Accessibility.swift; sourceTree = "<group>"; };
		4E84F9112288DA400069A33E /* MoviesListUITest.swift */ = {isa = PBXFileReference; lastKnownFileType = sourcecode.swift; path = MoviesListUITest.swift; sourceTree = "<group>"; };
		4E84F9142288DAD40069A33E /* BaseUITestCase.swift */ = {isa = PBXFileReference; lastKnownFileType = sourcecode.swift; path = BaseUITestCase.swift; sourceTree = "<group>"; };
		4E87E418228305DA0080D172 /* Endpoint.swift */ = {isa = PBXFileReference; lastKnownFileType = sourcecode.swift; path = Endpoint.swift; sourceTree = "<group>"; };
		4E87E41C228389420080D172 /* MovieListCell.swift */ = {isa = PBXFileReference; lastKnownFileType = sourcecode.swift; path = MovieListCell.swift; sourceTree = "<group>"; };
		4E87E4212283916A0080D172 /* UIImageView+AsyncLoading.swift */ = {isa = PBXFileReference; lastKnownFileType = sourcecode.swift; path = "UIImageView+AsyncLoading.swift"; sourceTree = "<group>"; };
		4E87E428228410FA0080D172 /* MovieDetailModel.swift */ = {isa = PBXFileReference; lastKnownFileType = sourcecode.swift; path = MovieDetailModel.swift; sourceTree = "<group>"; };
		4E87E42A228413900080D172 /* MovieDetailsCell.swift */ = {isa = PBXFileReference; lastKnownFileType = sourcecode.swift; path = MovieDetailsCell.swift; sourceTree = "<group>"; };
		4E87E42C228413B90080D172 /* MovieDetailViewController.swift */ = {isa = PBXFileReference; lastKnownFileType = sourcecode.swift; path = MovieDetailViewController.swift; sourceTree = "<group>"; };
		4E87E4302284CE120080D172 /* UIViewController+Alert.swift */ = {isa = PBXFileReference; lastKnownFileType = sourcecode.swift; path = "UIViewController+Alert.swift"; sourceTree = "<group>"; };
		4EB7E743228BF84B00ACA180 /* MovieDetailUITests.swift */ = {isa = PBXFileReference; lastKnownFileType = sourcecode.swift; path = MovieDetailUITests.swift; sourceTree = "<group>"; };
		4ED295C7228BFCDA0058FB21 /* BioBeatsAppTests.swift */ = {isa = PBXFileReference; lastKnownFileType = sourcecode.swift; path = BioBeatsAppTests.swift; sourceTree = "<group>"; };
		557829F3EC9EF50F6AAFB3C2 /* Pods_BioBeatsApp.framework */ = {isa = PBXFileReference; explicitFileType = wrapper.framework; includeInIndex = 0; path = Pods_BioBeatsApp.framework; sourceTree = BUILT_PRODUCTS_DIR; };
		6BEBC798996EE24DC4569298 /* Pods-BioBeatsAppUITests.release.xcconfig */ = {isa = PBXFileReference; includeInIndex = 1; lastKnownFileType = text.xcconfig; name = "Pods-BioBeatsAppUITests.release.xcconfig"; path = "Target Support Files/Pods-BioBeatsAppUITests/Pods-BioBeatsAppUITests.release.xcconfig"; sourceTree = "<group>"; };
		8484169446BA98B9E9550839 /* Pods-BioBeatsAppUITests.debug.xcconfig */ = {isa = PBXFileReference; includeInIndex = 1; lastKnownFileType = text.xcconfig; name = "Pods-BioBeatsAppUITests.debug.xcconfig"; path = "Target Support Files/Pods-BioBeatsAppUITests/Pods-BioBeatsAppUITests.debug.xcconfig"; sourceTree = "<group>"; };
		BAD309DB7B836A509C653BEF /* Pods-BioBeatsAppTests.debug.xcconfig */ = {isa = PBXFileReference; includeInIndex = 1; lastKnownFileType = text.xcconfig; name = "Pods-BioBeatsAppTests.debug.xcconfig"; path = "Target Support Files/Pods-BioBeatsAppTests/Pods-BioBeatsAppTests.debug.xcconfig"; sourceTree = "<group>"; };
		EF25D8B1ACBD28084507A289 /* Pods_BioBeatsAppUITests.framework */ = {isa = PBXFileReference; explicitFileType = wrapper.framework; includeInIndex = 0; path = Pods_BioBeatsAppUITests.framework; sourceTree = BUILT_PRODUCTS_DIR; };
		F013CBA0B42A8EB42FEA29A4 /* Pods-BioBeatsApp.release.xcconfig */ = {isa = PBXFileReference; includeInIndex = 1; lastKnownFileType = text.xcconfig; name = "Pods-BioBeatsApp.release.xcconfig"; path = "Target Support Files/Pods-BioBeatsApp/Pods-BioBeatsApp.release.xcconfig"; sourceTree = "<group>"; };
/* End PBXFileReference section */

/* Begin PBXFrameworksBuildPhase section */
		4E2704042282E6600001AEB7 /* Frameworks */ = {
			isa = PBXFrameworksBuildPhase;
			buildActionMask = 2147483647;
			files = (
				2156A6314496E1CFBCE63DBE /* Pods_BioBeatsApp.framework in Frameworks */,
			);
			runOnlyForDeploymentPostprocessing = 0;
		};
		4E2704182282E6630001AEB7 /* Frameworks */ = {
			isa = PBXFrameworksBuildPhase;
			buildActionMask = 2147483647;
			files = (
				7442613614E9F476DD089FAD /* Pods_BioBeatsAppTests.framework in Frameworks */,
			);
			runOnlyForDeploymentPostprocessing = 0;
		};
		4E2704232282E6630001AEB7 /* Frameworks */ = {
			isa = PBXFrameworksBuildPhase;
			buildActionMask = 2147483647;
			files = (
				5A9D79EAE7250C78207A0F28 /* Pods_BioBeatsAppUITests.framework in Frameworks */,
			);
			runOnlyForDeploymentPostprocessing = 0;
		};
/* End PBXFrameworksBuildPhase section */

/* Begin PBXGroup section */
		4A81CEBD674FB9933932D7C9 /* Pods */ = {
			isa = PBXGroup;
			children = (
				13EBF7570F63017E11102D17 /* Pods-BioBeatsApp.debug.xcconfig */,
				F013CBA0B42A8EB42FEA29A4 /* Pods-BioBeatsApp.release.xcconfig */,
				BAD309DB7B836A509C653BEF /* Pods-BioBeatsAppTests.debug.xcconfig */,
				496CAE48F02D8EC27734A72E /* Pods-BioBeatsAppTests.release.xcconfig */,
				8484169446BA98B9E9550839 /* Pods-BioBeatsAppUITests.debug.xcconfig */,
				6BEBC798996EE24DC4569298 /* Pods-BioBeatsAppUITests.release.xcconfig */,
			);
			path = Pods;
			sourceTree = "<group>";
		};
		4E2703FE2282E6600001AEB7 = {
			isa = PBXGroup;
			children = (
				4E2704092282E6600001AEB7 /* BioBeatsApp */,
				4E2704382282E8370001AEB7 /* Testing */,
				4E2704082282E6600001AEB7 /* Products */,
				4A81CEBD674FB9933932D7C9 /* Pods */,
				B5ADE527DE41CDCCDB51B1D6 /* Frameworks */,
			);
			sourceTree = "<group>";
		};
		4E2704082282E6600001AEB7 /* Products */ = {
			isa = PBXGroup;
			children = (
				4E2704072282E6600001AEB7 /* BioBeatsApp.app */,
				4E27041B2282E6630001AEB7 /* BioBeatsAppTests.xctest */,
				4E2704262282E6630001AEB7 /* BioBeatsAppUITests.xctest */,
			);
			name = Products;
			sourceTree = "<group>";
		};
		4E2704092282E6600001AEB7 /* BioBeatsApp */ = {
			isa = PBXGroup;
			children = (
				4E2704392282E8590001AEB7 /* Classes */,
				4E27043A2282E8610001AEB7 /* Resources */,
				4E27043C2282EB350001AEB7 /* Supporting Files */,
			);
			path = BioBeatsApp;
			sourceTree = "<group>";
		};
		4E27041E2282E6630001AEB7 /* BioBeatsAppTests */ = {
			isa = PBXGroup;
			children = (
				4E2704212282E6630001AEB7 /* Info.plist */,
				4ED295C7228BFCDA0058FB21 /* BioBeatsAppTests.swift */,
			);
			path = BioBeatsAppTests;
			sourceTree = "<group>";
		};
		4E2704292282E6630001AEB7 /* BioBeatsAppUITests */ = {
			isa = PBXGroup;
			children = (
				4E84F9132288DAAA0069A33E /* Base */,
				4E84F9102288DA0C0069A33E /* Movies List */,
				4EB7E742228BF83500ACA180 /* Movie Details */,
				4E27042C2282E6630001AEB7 /* Info.plist */,
			);
			path = BioBeatsAppUITests;
			sourceTree = "<group>";
		};
		4E2704382282E8370001AEB7 /* Testing */ = {
			isa = PBXGroup;
			children = (
				4E27041E2282E6630001AEB7 /* BioBeatsAppTests */,
				4E2704292282E6630001AEB7 /* BioBeatsAppUITests */,
			);
			path = Testing;
			sourceTree = "<group>";
		};
		4E2704392282E8590001AEB7 /* Classes */ = {
			isa = PBXGroup;
			children = (
				4E27043E2282F9850001AEB7 /* Home */,
				4E27043F2282F98B0001AEB7 /* Details */,
				4E27043D2282EB4E0001AEB7 /* Shared */,
			);
			path = Classes;
			sourceTree = "<group>";
		};
		4E27043A2282E8610001AEB7 /* Resources */ = {
			isa = PBXGroup;
			children = (
				4E2704112282E6630001AEB7 /* Assets.xcassets */,
				4E27043B2282E8880001AEB7 /* Storyboards */,
			);
			path = Resources;
			sourceTree = "<group>";
		};
		4E27043B2282E8880001AEB7 /* Storyboards */ = {
			isa = PBXGroup;
			children = (
				4E2704132282E6630001AEB7 /* LaunchScreen.storyboard */,
				4E27040E2282E6600001AEB7 /* Main.storyboard */,
			);
			path = Storyboards;
			sourceTree = "<group>";
		};
		4E27043C2282EB350001AEB7 /* Supporting Files */ = {
			isa = PBXGroup;
			children = (
				4E2704162282E6630001AEB7 /* Info.plist */,
			);
			path = "Supporting Files";
			sourceTree = "<group>";
		};
		4E27043D2282EB4E0001AEB7 /* Shared */ = {
			isa = PBXGroup;
			children = (
				4E27040A2282E6600001AEB7 /* AppDelegate.swift */,
				4E87E41E228391060080D172 /* Extensions */,
				4E84F90D2288D2C30069A33E /* Misc */,
				4E2704482282FDCF0001AEB7 /* Network */,
			);
			path = Shared;
			sourceTree = "<group>";
		};
		4E27043E2282F9850001AEB7 /* Home */ = {
			isa = PBXGroup;
			children = (
				4E2704402282F9980001AEB7 /* Model */,
				4E2704412282F9A10001AEB7 /* View */,
				4E2704422282F9C60001AEB7 /* Controller */,
			);
			path = Home;
			sourceTree = "<group>";
		};
		4E27043F2282F98B0001AEB7 /* Details */ = {
			isa = PBXGroup;
			children = (
				4E87E425228410C00080D172 /* Model */,
				4E87E426228410C80080D172 /* View */,
				4E87E427228410CD0080D172 /* Controller */,
			);
			path = Details;
			sourceTree = "<group>";
		};
		4E2704402282F9980001AEB7 /* Model */ = {
			isa = PBXGroup;
			children = (
				4E27044B2282FE670001AEB7 /* MovieListModel.swift */,
			);
			path = Model;
			sourceTree = "<group>";
		};
		4E2704412282F9A10001AEB7 /* View */ = {
			isa = PBXGroup;
			children = (
				4E87E41C228389420080D172 /* MovieListCell.swift */,
			);
			path = View;
			sourceTree = "<group>";
		};
		4E2704422282F9C60001AEB7 /* Controller */ = {
			isa = PBXGroup;
			children = (
				4E2704432282FA180001AEB7 /* MovieListViewController.swift */,
			);
			path = Controller;
			sourceTree = "<group>";
		};
		4E2704482282FDCF0001AEB7 /* Network */ = {
			isa = PBXGroup;
			children = (
				4E2704492282FDE70001AEB7 /* APIManager.swift */,
				4E87E418228305DA0080D172 /* Endpoint.swift */,
			);
			path = Network;
			sourceTree = "<group>";
		};
		4E84F90D2288D2C30069A33E /* Misc */ = {
			isa = PBXGroup;
			children = (
				4E84F90E2288D2D30069A33E /* Accessibility.swift */,
			);
			path = Misc;
			sourceTree = "<group>";
		};
		4E84F9102288DA0C0069A33E /* Movies List */ = {
			isa = PBXGroup;
			children = (
				4E84F9112288DA400069A33E /* MoviesListUITest.swift */,
			);
			path = "Movies List";
			sourceTree = "<group>";
		};
		4E84F9132288DAAA0069A33E /* Base */ = {
			isa = PBXGroup;
			children = (
				4E84F9142288DAD40069A33E /* BaseUITestCase.swift */,
			);
			path = Base;
			sourceTree = "<group>";
		};
		4E87E41E228391060080D172 /* Extensions */ = {
			isa = PBXGroup;
			children = (
				4E87E4212283916A0080D172 /* UIImageView+AsyncLoading.swift */,
				4E87E4302284CE120080D172 /* UIViewController+Alert.swift */,
			);
			path = Extensions;
			sourceTree = "<group>";
		};
		4E87E425228410C00080D172 /* Model */ = {
			isa = PBXGroup;
			children = (
				4E87E428228410FA0080D172 /* MovieDetailModel.swift */,
			);
			path = Model;
			sourceTree = "<group>";
		};
		4E87E426228410C80080D172 /* View */ = {
			isa = PBXGroup;
			children = (
				4E87E42A228413900080D172 /* MovieDetailsCell.swift */,
			);
			path = View;
			sourceTree = "<group>";
		};
		4E87E427228410CD0080D172 /* Controller */ = {
			isa = PBXGroup;
			children = (
				4E87E42C228413B90080D172 /* MovieDetailViewController.swift */,
				4E84F90B2288C9CF0069A33E /* MovieDetailViewController+Delegate.swift */,
			);
			path = Controller;
			sourceTree = "<group>";
		};
		4EB7E742228BF83500ACA180 /* Movie Details */ = {
			isa = PBXGroup;
			children = (
				4EB7E743228BF84B00ACA180 /* MovieDetailUITests.swift */,
			);
			path = "Movie Details";
			sourceTree = "<group>";
		};
		B5ADE527DE41CDCCDB51B1D6 /* Frameworks */ = {
			isa = PBXGroup;
			children = (
				557829F3EC9EF50F6AAFB3C2 /* Pods_BioBeatsApp.framework */,
				34D79A96AB369299FBBF0898 /* Pods_BioBeatsAppTests.framework */,
				EF25D8B1ACBD28084507A289 /* Pods_BioBeatsAppUITests.framework */,
			);
			name = Frameworks;
			sourceTree = "<group>";
		};
/* End PBXGroup section */

/* Begin PBXNativeTarget section */
		4E2704062282E6600001AEB7 /* BioBeatsApp */ = {
			isa = PBXNativeTarget;
			buildConfigurationList = 4E27042F2282E6630001AEB7 /* Build configuration list for PBXNativeTarget "BioBeatsApp" */;
			buildPhases = (
				03E58CDADC32D6434B60952A /* [CP] Check Pods Manifest.lock */,
				4E2704032282E6600001AEB7 /* Sources */,
				4E2704042282E6600001AEB7 /* Frameworks */,
				4E2704052282E6600001AEB7 /* Resources */,
				CBCAB18B7006E0993CD1AB5B /* [CP] Embed Pods Frameworks */,
			);
			buildRules = (
			);
			dependencies = (
			);
			name = BioBeatsApp;
			productName = BioBeatsApp;
			productReference = 4E2704072282E6600001AEB7 /* BioBeatsApp.app */;
			productType = "com.apple.product-type.application";
		};
		4E27041A2282E6630001AEB7 /* BioBeatsAppTests */ = {
			isa = PBXNativeTarget;
			buildConfigurationList = 4E2704322282E6630001AEB7 /* Build configuration list for PBXNativeTarget "BioBeatsAppTests" */;
			buildPhases = (
				47DC9EF7BA0EF2C3AAD5E45B /* [CP] Check Pods Manifest.lock */,
				4E2704172282E6630001AEB7 /* Sources */,
				4E2704182282E6630001AEB7 /* Frameworks */,
				4E2704192282E6630001AEB7 /* Resources */,
			);
			buildRules = (
			);
			dependencies = (
				4E27041D2282E6630001AEB7 /* PBXTargetDependency */,
			);
			name = BioBeatsAppTests;
			productName = BioBeatsAppTests;
			productReference = 4E27041B2282E6630001AEB7 /* BioBeatsAppTests.xctest */;
			productType = "com.apple.product-type.bundle.unit-test";
		};
		4E2704252282E6630001AEB7 /* BioBeatsAppUITests */ = {
			isa = PBXNativeTarget;
			buildConfigurationList = 4E2704352282E6630001AEB7 /* Build configuration list for PBXNativeTarget "BioBeatsAppUITests" */;
			buildPhases = (
				86F2538D78C0D8F944DACCAF /* [CP] Check Pods Manifest.lock */,
				4E2704222282E6630001AEB7 /* Sources */,
				4E2704232282E6630001AEB7 /* Frameworks */,
				4E2704242282E6630001AEB7 /* Resources */,
				D2776BAA8FBC0A73A4276239 /* [CP] Embed Pods Frameworks */,
			);
			buildRules = (
			);
			dependencies = (
				4E0F2645228EE212005B9A82 /* PBXTargetDependency */,
			);
			name = BioBeatsAppUITests;
			productName = BioBeatsAppUITests;
			productReference = 4E2704262282E6630001AEB7 /* BioBeatsAppUITests.xctest */;
			productType = "com.apple.product-type.bundle.ui-testing";
		};
/* End PBXNativeTarget section */

/* Begin PBXProject section */
		4E2703FF2282E6600001AEB7 /* Project object */ = {
			isa = PBXProject;
			attributes = {
				LastSwiftUpdateCheck = 1020;
				LastUpgradeCheck = 1020;
				ORGANIZATIONNAME = "Sweta Jaiswal";
				TargetAttributes = {
					4E2704062282E6600001AEB7 = {
						CreatedOnToolsVersion = 10.2;
					};
					4E27041A2282E6630001AEB7 = {
						CreatedOnToolsVersion = 10.2;
						LastSwiftMigration = 1020;
						TestTargetID = 4E2704062282E6600001AEB7;
					};
					4E2704252282E6630001AEB7 = {
						CreatedOnToolsVersion = 10.2;
						TestTargetID = 4E2704062282E6600001AEB7;
					};
				};
			};
			buildConfigurationList = 4E2704022282E6600001AEB7 /* Build configuration list for PBXProject "BioBeatsApp" */;
			compatibilityVersion = "Xcode 9.3";
			developmentRegion = en;
			hasScannedForEncodings = 0;
			knownRegions = (
				en,
				Base,
			);
			mainGroup = 4E2703FE2282E6600001AEB7;
			productRefGroup = 4E2704082282E6600001AEB7 /* Products */;
			projectDirPath = "";
			projectRoot = "";
			targets = (
				4E2704062282E6600001AEB7 /* BioBeatsApp */,
				4E27041A2282E6630001AEB7 /* BioBeatsAppTests */,
				4E2704252282E6630001AEB7 /* BioBeatsAppUITests */,
			);
		};
/* End PBXProject section */

/* Begin PBXResourcesBuildPhase section */
		4E2704052282E6600001AEB7 /* Resources */ = {
			isa = PBXResourcesBuildPhase;
			buildActionMask = 2147483647;
			files = (
				4E2704152282E6630001AEB7 /* LaunchScreen.storyboard in Resources */,
				4E2704122282E6630001AEB7 /* Assets.xcassets in Resources */,
				4E2704102282E6600001AEB7 /* Main.storyboard in Resources */,
			);
			runOnlyForDeploymentPostprocessing = 0;
		};
		4E2704192282E6630001AEB7 /* Resources */ = {
			isa = PBXResourcesBuildPhase;
			buildActionMask = 2147483647;
			files = (
			);
			runOnlyForDeploymentPostprocessing = 0;
		};
		4E2704242282E6630001AEB7 /* Resources */ = {
			isa = PBXResourcesBuildPhase;
			buildActionMask = 2147483647;
			files = (
			);
			runOnlyForDeploymentPostprocessing = 0;
		};
/* End PBXResourcesBuildPhase section */

/* Begin PBXShellScriptBuildPhase section */
		03E58CDADC32D6434B60952A /* [CP] Check Pods Manifest.lock */ = {
			isa = PBXShellScriptBuildPhase;
			buildActionMask = 2147483647;
			files = (
			);
			inputFileListPaths = (
			);
			inputPaths = (
				"${PODS_PODFILE_DIR_PATH}/Podfile.lock",
				"${PODS_ROOT}/Manifest.lock",
			);
			name = "[CP] Check Pods Manifest.lock";
			outputFileListPaths = (
			);
			outputPaths = (
				"$(DERIVED_FILE_DIR)/Pods-BioBeatsApp-checkManifestLockResult.txt",
			);
			runOnlyForDeploymentPostprocessing = 0;
			shellPath = /bin/sh;
			shellScript = "diff \"${PODS_PODFILE_DIR_PATH}/Podfile.lock\" \"${PODS_ROOT}/Manifest.lock\" > /dev/null\nif [ $? != 0 ] ; then\n    # print error to STDERR\n    echo \"error: The sandbox is not in sync with the Podfile.lock. Run 'pod install' or update your CocoaPods installation.\" >&2\n    exit 1\nfi\n# This output is used by Xcode 'outputs' to avoid re-running this script phase.\necho \"SUCCESS\" > \"${SCRIPT_OUTPUT_FILE_0}\"\n";
			showEnvVarsInLog = 0;
		};
		47DC9EF7BA0EF2C3AAD5E45B /* [CP] Check Pods Manifest.lock */ = {
			isa = PBXShellScriptBuildPhase;
			buildActionMask = 2147483647;
			files = (
			);
			inputFileListPaths = (
			);
			inputPaths = (
				"${PODS_PODFILE_DIR_PATH}/Podfile.lock",
				"${PODS_ROOT}/Manifest.lock",
			);
			name = "[CP] Check Pods Manifest.lock";
			outputFileListPaths = (
			);
			outputPaths = (
				"$(DERIVED_FILE_DIR)/Pods-BioBeatsAppTests-checkManifestLockResult.txt",
			);
			runOnlyForDeploymentPostprocessing = 0;
			shellPath = /bin/sh;
			shellScript = "diff \"${PODS_PODFILE_DIR_PATH}/Podfile.lock\" \"${PODS_ROOT}/Manifest.lock\" > /dev/null\nif [ $? != 0 ] ; then\n    # print error to STDERR\n    echo \"error: The sandbox is not in sync with the Podfile.lock. Run 'pod install' or update your CocoaPods installation.\" >&2\n    exit 1\nfi\n# This output is used by Xcode 'outputs' to avoid re-running this script phase.\necho \"SUCCESS\" > \"${SCRIPT_OUTPUT_FILE_0}\"\n";
			showEnvVarsInLog = 0;
		};
		86F2538D78C0D8F944DACCAF /* [CP] Check Pods Manifest.lock */ = {
			isa = PBXShellScriptBuildPhase;
			buildActionMask = 2147483647;
			files = (
			);
			inputFileListPaths = (
			);
			inputPaths = (
				"${PODS_PODFILE_DIR_PATH}/Podfile.lock",
				"${PODS_ROOT}/Manifest.lock",
			);
			name = "[CP] Check Pods Manifest.lock";
			outputFileListPaths = (
			);
			outputPaths = (
				"$(DERIVED_FILE_DIR)/Pods-BioBeatsAppUITests-checkManifestLockResult.txt",
			);
			runOnlyForDeploymentPostprocessing = 0;
			shellPath = /bin/sh;
			shellScript = "diff \"${PODS_PODFILE_DIR_PATH}/Podfile.lock\" \"${PODS_ROOT}/Manifest.lock\" > /dev/null\nif [ $? != 0 ] ; then\n    # print error to STDERR\n    echo \"error: The sandbox is not in sync with the Podfile.lock. Run 'pod install' or update your CocoaPods installation.\" >&2\n    exit 1\nfi\n# This output is used by Xcode 'outputs' to avoid re-running this script phase.\necho \"SUCCESS\" > \"${SCRIPT_OUTPUT_FILE_0}\"\n";
			showEnvVarsInLog = 0;
		};
		CBCAB18B7006E0993CD1AB5B /* [CP] Embed Pods Frameworks */ = {
			isa = PBXShellScriptBuildPhase;
			buildActionMask = 2147483647;
			files = (
			);
			inputFileListPaths = (
			);
			inputPaths = (
				"${PODS_ROOT}/Target Support Files/Pods-BioBeatsApp/Pods-BioBeatsApp-frameworks.sh",
				"${BUILT_PRODUCTS_DIR}/Alamofire/Alamofire.framework",
				"${BUILT_PRODUCTS_DIR}/Reachability/Reachability.framework",
			);
			name = "[CP] Embed Pods Frameworks";
			outputFileListPaths = (
			);
			outputPaths = (
				"${TARGET_BUILD_DIR}/${FRAMEWORKS_FOLDER_PATH}/Alamofire.framework",
				"${TARGET_BUILD_DIR}/${FRAMEWORKS_FOLDER_PATH}/Reachability.framework",
			);
			runOnlyForDeploymentPostprocessing = 0;
			shellPath = /bin/sh;
			shellScript = "\"${PODS_ROOT}/Target Support Files/Pods-BioBeatsApp/Pods-BioBeatsApp-frameworks.sh\"\n";
			showEnvVarsInLog = 0;
		};
		D2776BAA8FBC0A73A4276239 /* [CP] Embed Pods Frameworks */ = {
			isa = PBXShellScriptBuildPhase;
			buildActionMask = 2147483647;
			files = (
			);
			inputFileListPaths = (
			);
			inputPaths = (
				"${PODS_ROOT}/Target Support Files/Pods-BioBeatsAppUITests/Pods-BioBeatsAppUITests-frameworks.sh",
				"${BUILT_PRODUCTS_DIR}/Alamofire/Alamofire.framework",
				"${BUILT_PRODUCTS_DIR}/Reachability/Reachability.framework",
			);
			name = "[CP] Embed Pods Frameworks";
			outputFileListPaths = (
			);
			outputPaths = (
				"${TARGET_BUILD_DIR}/${FRAMEWORKS_FOLDER_PATH}/Alamofire.framework",
				"${TARGET_BUILD_DIR}/${FRAMEWORKS_FOLDER_PATH}/Reachability.framework",
			);
			runOnlyForDeploymentPostprocessing = 0;
			shellPath = /bin/sh;
			shellScript = "\"${PODS_ROOT}/Target Support Files/Pods-BioBeatsAppUITests/Pods-BioBeatsAppUITests-frameworks.sh\"\n";
			showEnvVarsInLog = 0;
		};
/* End PBXShellScriptBuildPhase section */

/* Begin PBXSourcesBuildPhase section */
		4E2704032282E6600001AEB7 /* Sources */ = {
			isa = PBXSourcesBuildPhase;
			buildActionMask = 2147483647;
			files = (
				4E27044A2282FDE70001AEB7 /* APIManager.swift in Sources */,
				4E87E429228410FA0080D172 /* MovieDetailModel.swift in Sources */,
				4E84F90F2288D2D30069A33E /* Accessibility.swift in Sources */,
				4E87E41D228389420080D172 /* MovieListCell.swift in Sources */,
				4E27040B2282E6600001AEB7 /* AppDelegate.swift in Sources */,
				4E2704442282FA180001AEB7 /* MovieListViewController.swift in Sources */,
				4E87E42B228413900080D172 /* MovieDetailsCell.swift in Sources */,
				4E27044C2282FE670001AEB7 /* MovieListModel.swift in Sources */,
				4E87E419228305DA0080D172 /* Endpoint.swift in Sources */,
				4E84F90C2288C9CF0069A33E /* MovieDetailViewController+Delegate.swift in Sources */,
				4E87E42D228413B90080D172 /* MovieDetailViewController.swift in Sources */,
				4E87E4312284CE120080D172 /* UIViewController+Alert.swift in Sources */,
				4E87E4222283916A0080D172 /* UIImageView+AsyncLoading.swift in Sources */,
			);
			runOnlyForDeploymentPostprocessing = 0;
		};
		4E2704172282E6630001AEB7 /* Sources */ = {
			isa = PBXSourcesBuildPhase;
			buildActionMask = 2147483647;
			files = (
				4ED295C8228BFCDA0058FB21 /* BioBeatsAppTests.swift in Sources */,
			);
			runOnlyForDeploymentPostprocessing = 0;
		};
		4E2704222282E6630001AEB7 /* Sources */ = {
			isa = PBXSourcesBuildPhase;
			buildActionMask = 2147483647;
			files = (
				4E84F9152288DAD40069A33E /* BaseUITestCase.swift in Sources */,
				4E84F9162288DD040069A33E /* Accessibility.swift in Sources */,
				4E84F9122288DA400069A33E /* MoviesListUITest.swift in Sources */,
				4EB7E744228BF84B00ACA180 /* MovieDetailUITests.swift in Sources */,
			);
			runOnlyForDeploymentPostprocessing = 0;
		};
/* End PBXSourcesBuildPhase section */

/* Begin PBXTargetDependency section */
		4E0F2645228EE212005B9A82 /* PBXTargetDependency */ = {
			isa = PBXTargetDependency;
			target = 4E2704062282E6600001AEB7 /* BioBeatsApp */;
			targetProxy = 4E0F2644228EE212005B9A82 /* PBXContainerItemProxy */;
		};
		4E27041D2282E6630001AEB7 /* PBXTargetDependency */ = {
			isa = PBXTargetDependency;
			target = 4E2704062282E6600001AEB7 /* BioBeatsApp */;
			targetProxy = 4E27041C2282E6630001AEB7 /* PBXContainerItemProxy */;
		};
/* End PBXTargetDependency section */

/* Begin PBXVariantGroup section */
		4E27040E2282E6600001AEB7 /* Main.storyboard */ = {
			isa = PBXVariantGroup;
			children = (
				4E27040F2282E6600001AEB7 /* Base */,
			);
			name = Main.storyboard;
			sourceTree = "<group>";
		};
		4E2704132282E6630001AEB7 /* LaunchScreen.storyboard */ = {
			isa = PBXVariantGroup;
			children = (
				4E2704142282E6630001AEB7 /* Base */,
			);
			name = LaunchScreen.storyboard;
			sourceTree = "<group>";
		};
/* End PBXVariantGroup section */

/* Begin XCBuildConfiguration section */
		4E27042D2282E6630001AEB7 /* Debug */ = {
			isa = XCBuildConfiguration;
			buildSettings = {
				ALWAYS_SEARCH_USER_PATHS = NO;
				CLANG_ANALYZER_NONNULL = YES;
				CLANG_ANALYZER_NUMBER_OBJECT_CONVERSION = YES_AGGRESSIVE;
				CLANG_CXX_LANGUAGE_STANDARD = "gnu++14";
				CLANG_CXX_LIBRARY = "libc++";
				CLANG_ENABLE_MODULES = YES;
				CLANG_ENABLE_OBJC_ARC = YES;
				CLANG_ENABLE_OBJC_WEAK = YES;
				CLANG_WARN_BLOCK_CAPTURE_AUTORELEASING = YES;
				CLANG_WARN_BOOL_CONVERSION = YES;
				CLANG_WARN_COMMA = YES;
				CLANG_WARN_CONSTANT_CONVERSION = YES;
				CLANG_WARN_DEPRECATED_OBJC_IMPLEMENTATIONS = YES;
				CLANG_WARN_DIRECT_OBJC_ISA_USAGE = YES_ERROR;
				CLANG_WARN_DOCUMENTATION_COMMENTS = YES;
				CLANG_WARN_EMPTY_BODY = YES;
				CLANG_WARN_ENUM_CONVERSION = YES;
				CLANG_WARN_INFINITE_RECURSION = YES;
				CLANG_WARN_INT_CONVERSION = YES;
				CLANG_WARN_NON_LITERAL_NULL_CONVERSION = YES;
				CLANG_WARN_OBJC_IMPLICIT_RETAIN_SELF = YES;
				CLANG_WARN_OBJC_LITERAL_CONVERSION = YES;
				CLANG_WARN_OBJC_ROOT_CLASS = YES_ERROR;
				CLANG_WARN_RANGE_LOOP_ANALYSIS = YES;
				CLANG_WARN_STRICT_PROTOTYPES = YES;
				CLANG_WARN_SUSPICIOUS_MOVE = YES;
				CLANG_WARN_UNGUARDED_AVAILABILITY = YES_AGGRESSIVE;
				CLANG_WARN_UNREACHABLE_CODE = YES;
				CLANG_WARN__DUPLICATE_METHOD_MATCH = YES;
				CODE_SIGN_IDENTITY = "iPhone Developer";
				COPY_PHASE_STRIP = NO;
				DEBUG_INFORMATION_FORMAT = dwarf;
				ENABLE_STRICT_OBJC_MSGSEND = YES;
				ENABLE_TESTABILITY = YES;
				GCC_C_LANGUAGE_STANDARD = gnu11;
				GCC_DYNAMIC_NO_PIC = NO;
				GCC_NO_COMMON_BLOCKS = YES;
				GCC_OPTIMIZATION_LEVEL = 0;
				GCC_PREPROCESSOR_DEFINITIONS = (
					"DEBUG=1",
					"$(inherited)",
				);
				GCC_WARN_64_TO_32_BIT_CONVERSION = YES;
				GCC_WARN_ABOUT_RETURN_TYPE = YES_ERROR;
				GCC_WARN_UNDECLARED_SELECTOR = YES;
				GCC_WARN_UNINITIALIZED_AUTOS = YES_AGGRESSIVE;
				GCC_WARN_UNUSED_FUNCTION = YES;
				GCC_WARN_UNUSED_VARIABLE = YES;
				IPHONEOS_DEPLOYMENT_TARGET = 12.2;
				MTL_ENABLE_DEBUG_INFO = INCLUDE_SOURCE;
				MTL_FAST_MATH = YES;
				ONLY_ACTIVE_ARCH = YES;
				SDKROOT = iphoneos;
				SWIFT_ACTIVE_COMPILATION_CONDITIONS = DEBUG;
				SWIFT_OPTIMIZATION_LEVEL = "-Onone";
			};
			name = Debug;
		};
		4E27042E2282E6630001AEB7 /* Release */ = {
			isa = XCBuildConfiguration;
			buildSettings = {
				ALWAYS_SEARCH_USER_PATHS = NO;
				CLANG_ANALYZER_NONNULL = YES;
				CLANG_ANALYZER_NUMBER_OBJECT_CONVERSION = YES_AGGRESSIVE;
				CLANG_CXX_LANGUAGE_STANDARD = "gnu++14";
				CLANG_CXX_LIBRARY = "libc++";
				CLANG_ENABLE_MODULES = YES;
				CLANG_ENABLE_OBJC_ARC = YES;
				CLANG_ENABLE_OBJC_WEAK = YES;
				CLANG_WARN_BLOCK_CAPTURE_AUTORELEASING = YES;
				CLANG_WARN_BOOL_CONVERSION = YES;
				CLANG_WARN_COMMA = YES;
				CLANG_WARN_CONSTANT_CONVERSION = YES;
				CLANG_WARN_DEPRECATED_OBJC_IMPLEMENTATIONS = YES;
				CLANG_WARN_DIRECT_OBJC_ISA_USAGE = YES_ERROR;
				CLANG_WARN_DOCUMENTATION_COMMENTS = YES;
				CLANG_WARN_EMPTY_BODY = YES;
				CLANG_WARN_ENUM_CONVERSION = YES;
				CLANG_WARN_INFINITE_RECURSION = YES;
				CLANG_WARN_INT_CONVERSION = YES;
				CLANG_WARN_NON_LITERAL_NULL_CONVERSION = YES;
				CLANG_WARN_OBJC_IMPLICIT_RETAIN_SELF = YES;
				CLANG_WARN_OBJC_LITERAL_CONVERSION = YES;
				CLANG_WARN_OBJC_ROOT_CLASS = YES_ERROR;
				CLANG_WARN_RANGE_LOOP_ANALYSIS = YES;
				CLANG_WARN_STRICT_PROTOTYPES = YES;
				CLANG_WARN_SUSPICIOUS_MOVE = YES;
				CLANG_WARN_UNGUARDED_AVAILABILITY = YES_AGGRESSIVE;
				CLANG_WARN_UNREACHABLE_CODE = YES;
				CLANG_WARN__DUPLICATE_METHOD_MATCH = YES;
				CODE_SIGN_IDENTITY = "iPhone Developer";
				COPY_PHASE_STRIP = NO;
				DEBUG_INFORMATION_FORMAT = "dwarf-with-dsym";
				ENABLE_NS_ASSERTIONS = NO;
				ENABLE_STRICT_OBJC_MSGSEND = YES;
				GCC_C_LANGUAGE_STANDARD = gnu11;
				GCC_NO_COMMON_BLOCKS = YES;
				GCC_WARN_64_TO_32_BIT_CONVERSION = YES;
				GCC_WARN_ABOUT_RETURN_TYPE = YES_ERROR;
				GCC_WARN_UNDECLARED_SELECTOR = YES;
				GCC_WARN_UNINITIALIZED_AUTOS = YES_AGGRESSIVE;
				GCC_WARN_UNUSED_FUNCTION = YES;
				GCC_WARN_UNUSED_VARIABLE = YES;
				IPHONEOS_DEPLOYMENT_TARGET = 12.2;
				MTL_ENABLE_DEBUG_INFO = NO;
				MTL_FAST_MATH = YES;
				SDKROOT = iphoneos;
				SWIFT_COMPILATION_MODE = wholemodule;
				SWIFT_OPTIMIZATION_LEVEL = "-O";
				VALIDATE_PRODUCT = YES;
			};
			name = Release;
		};
		4E2704302282E6630001AEB7 /* Debug */ = {
			isa = XCBuildConfiguration;
			baseConfigurationReference = 13EBF7570F63017E11102D17 /* Pods-BioBeatsApp.debug.xcconfig */;
			buildSettings = {
				ASSETCATALOG_COMPILER_APPICON_NAME = AppIcon;
				CODE_SIGN_STYLE = Automatic;
				GCC_SYMBOLS_PRIVATE_EXTERN = NO;
				INFOPLIST_FILE = "/Users/swetajaiswal/Desktop/Extra/Practice/BioBeatsApp/BioBeatsApp/Supporting Files/Info.plist";
				IPHONEOS_DEPLOYMENT_TARGET = 12.2;
				LD_RUNPATH_SEARCH_PATHS = (
					"$(inherited)",
					"@executable_path/Frameworks",
				);
				PRODUCT_BUNDLE_IDENTIFIER = com.test.BioBeatsApp;
				PRODUCT_NAME = "$(TARGET_NAME)";
				SWIFT_VERSION = 5.0;
				TARGETED_DEVICE_FAMILY = "1,2";
			};
			name = Debug;
		};
		4E2704312282E6630001AEB7 /* Release */ = {
			isa = XCBuildConfiguration;
			baseConfigurationReference = F013CBA0B42A8EB42FEA29A4 /* Pods-BioBeatsApp.release.xcconfig */;
			buildSettings = {
				ASSETCATALOG_COMPILER_APPICON_NAME = AppIcon;
				CODE_SIGN_STYLE = Automatic;
				GCC_SYMBOLS_PRIVATE_EXTERN = NO;
				INFOPLIST_FILE = "/Users/swetajaiswal/Desktop/Extra/Practice/BioBeatsApp/BioBeatsApp/Supporting Files/Info.plist";
				IPHONEOS_DEPLOYMENT_TARGET = 12.2;
				LD_RUNPATH_SEARCH_PATHS = (
					"$(inherited)",
					"@executable_path/Frameworks",
				);
				PRODUCT_BUNDLE_IDENTIFIER = com.test.BioBeatsApp;
				PRODUCT_NAME = "$(TARGET_NAME)";
				SWIFT_VERSION = 5.0;
				TARGETED_DEVICE_FAMILY = "1,2";
			};
			name = Release;
		};
		4E2704332282E6630001AEB7 /* Debug */ = {
			isa = XCBuildConfiguration;
			baseConfigurationReference = BAD309DB7B836A509C653BEF /* Pods-BioBeatsAppTests.debug.xcconfig */;
			buildSettings = {
				ALWAYS_EMBED_SWIFT_STANDARD_LIBRARIES = YES;
				BUNDLE_LOADER = "$(TEST_HOST)";
				CLANG_ENABLE_MODULES = YES;
				CODE_SIGN_STYLE = Automatic;
				INFOPLIST_FILE = /Users/swetajaiswal/Desktop/Extra/Practice/BioBeatsApp/Testing/BioBeatsAppTests/Info.plist;
				LD_RUNPATH_SEARCH_PATHS = (
					"$(inherited)",
					"@executable_path/Frameworks",
					"@loader_path/Frameworks",
				);
				PRODUCT_BUNDLE_IDENTIFIER = com.test.BioBeatsAppTests;
				PRODUCT_NAME = "$(TARGET_NAME)";
				SWIFT_OPTIMIZATION_LEVEL = "-Onone";
				SWIFT_VERSION = 5.0;
				TARGETED_DEVICE_FAMILY = "1,2";
				TEST_HOST = "";
			};
			name = Debug;
		};
		4E2704342282E6630001AEB7 /* Release */ = {
			isa = XCBuildConfiguration;
			baseConfigurationReference = 496CAE48F02D8EC27734A72E /* Pods-BioBeatsAppTests.release.xcconfig */;
			buildSettings = {
				ALWAYS_EMBED_SWIFT_STANDARD_LIBRARIES = YES;
				BUNDLE_LOADER = "$(TEST_HOST)";
				CLANG_ENABLE_MODULES = YES;
				CODE_SIGN_STYLE = Automatic;
				INFOPLIST_FILE = /Users/swetajaiswal/Desktop/Extra/Practice/BioBeatsApp/Testing/BioBeatsAppTests/Info.plist;
				LD_RUNPATH_SEARCH_PATHS = (
					"$(inherited)",
					"@executable_path/Frameworks",
					"@loader_path/Frameworks",
				);
				PRODUCT_BUNDLE_IDENTIFIER = com.test.BioBeatsAppTests;
				PRODUCT_NAME = "$(TARGET_NAME)";
				SWIFT_VERSION = 5.0;
				TARGETED_DEVICE_FAMILY = "1,2";
				TEST_HOST = "";
			};
			name = Release;
		};
		4E2704362282E6630001AEB7 /* Debug */ = {
			isa = XCBuildConfiguration;
			baseConfigurationReference = 8484169446BA98B9E9550839 /* Pods-BioBeatsAppUITests.debug.xcconfig */;
			buildSettings = {
				ALWAYS_EMBED_SWIFT_STANDARD_LIBRARIES = YES;
				BUNDLE_LOADER = "";
				CODE_SIGN_STYLE = Automatic;
				INFOPLIST_FILE = /Users/swetajaiswal/Desktop/Extra/Practice/BioBeatsApp/Testing/BioBeatsAppUITests/Info.plist;
				LD_RUNPATH_SEARCH_PATHS = (
					"$(inherited)",
					"@executable_path/Frameworks",
					"@loader_path/Frameworks",
				);
				PRODUCT_BUNDLE_IDENTIFIER = com.test.BioBeatsAppUITests;
				PRODUCT_NAME = "$(TARGET_NAME)";
				SWIFT_VERSION = 5.0;
				TARGETED_DEVICE_FAMILY = "1,2";
				TEST_HOST = "";
				TEST_TARGET_NAME = BioBeatsApp;
			};
			name = Debug;
		};
		4E2704372282E6630001AEB7 /* Release */ = {
			isa = XCBuildConfiguration;
			baseConfigurationReference = 6BEBC798996EE24DC4569298 /* Pods-BioBeatsAppUITests.release.xcconfig */;
			buildSettings = {
				ALWAYS_EMBED_SWIFT_STANDARD_LIBRARIES = YES;
				BUNDLE_LOADER = "";
				CODE_SIGN_STYLE = Automatic;
				INFOPLIST_FILE = /Users/swetajaiswal/Desktop/Extra/Practice/BioBeatsApp/Testing/BioBeatsAppUITests/Info.plist;
				LD_RUNPATH_SEARCH_PATHS = (
					"$(inherited)",
					"@executable_path/Frameworks",
					"@loader_path/Frameworks",
				);
				PRODUCT_BUNDLE_IDENTIFIER = com.test.BioBeatsAppUITests;
				PRODUCT_NAME = "$(TARGET_NAME)";
				SWIFT_VERSION = 5.0;
				TARGETED_DEVICE_FAMILY = "1,2";
				TEST_HOST = "";
				TEST_TARGET_NAME = BioBeatsApp;
			};
			name = Release;
		};
/* End XCBuildConfiguration section */

/* Begin XCConfigurationList section */
		4E2704022282E6600001AEB7 /* Build configuration list for PBXProject "BioBeatsApp" */ = {
			isa = XCConfigurationList;
			buildConfigurations = (
				4E27042D2282E6630001AEB7 /* Debug */,
				4E27042E2282E6630001AEB7 /* Release */,
			);
			defaultConfigurationIsVisible = 0;
			defaultConfigurationName = Release;
		};
		4E27042F2282E6630001AEB7 /* Build configuration list for PBXNativeTarget "BioBeatsApp" */ = {
			isa = XCConfigurationList;
			buildConfigurations = (
				4E2704302282E6630001AEB7 /* Debug */,
				4E2704312282E6630001AEB7 /* Release */,
			);
			defaultConfigurationIsVisible = 0;
			defaultConfigurationName = Release;
		};
		4E2704322282E6630001AEB7 /* Build configuration list for PBXNativeTarget "BioBeatsAppTests" */ = {
			isa = XCConfigurationList;
			buildConfigurations = (
				4E2704332282E6630001AEB7 /* Debug */,
				4E2704342282E6630001AEB7 /* Release */,
			);
			defaultConfigurationIsVisible = 0;
			defaultConfigurationName = Release;
		};
		4E2704352282E6630001AEB7 /* Build configuration list for PBXNativeTarget "BioBeatsAppUITests" */ = {
			isa = XCConfigurationList;
			buildConfigurations = (
				4E2704362282E6630001AEB7 /* Debug */,
				4E2704372282E6630001AEB7 /* Release */,
			);
			defaultConfigurationIsVisible = 0;
			defaultConfigurationName = Release;
		};
/* End XCConfigurationList section */
	};
	rootObject = 4E2703FF2282E6600001AEB7 /* Project object */;
}
